// !$*UTF8*$!
{
	archiveVersion = 1;
	classes = {
	};
	objectVersion = 46;
	objects = {

/* Begin PBXBuildFile section */
		2716CACC17D3D1CC00AE2DC2 /* SetCardCollectionViewCell.m in Sources */ = {isa = PBXBuildFile; fileRef = 2716CACB17D3D1CC00AE2DC2 /* SetCardCollectionViewCell.m */; };
		2716CACF17D3D25500AE2DC2 /* SetCardView.m in Sources */ = {isa = PBXBuildFile; fileRef = 2716CACE17D3D25500AE2DC2 /* SetCardView.m */; };
		2728193E17721F70005D45C9 /* SetGameViewController.m in Sources */ = {isa = PBXBuildFile; fileRef = 2728193D17721F70005D45C9 /* SetGameViewController.m */; };
		2728194A177227CF005D45C9 /* cardgame@2x.png in Resources */ = {isa = PBXBuildFile; fileRef = 27281948177227CF005D45C9 /* cardgame@2x.png */; };
		2728194E1772289D005D45C9 /* cardgame.png in Resources */ = {isa = PBXBuildFile; fileRef = 2728194B1772289D005D45C9 /* cardgame.png */; };
		2728194F1772289D005D45C9 /* setgame.png in Resources */ = {isa = PBXBuildFile; fileRef = 2728194C1772289D005D45C9 /* setgame.png */; };
		272819501772289D005D45C9 /* setgame@2x.png in Resources */ = {isa = PBXBuildFile; fileRef = 2728194D1772289D005D45C9 /* setgame@2x.png */; };
		2728195317726138005D45C9 /* GameViewController.m in Sources */ = {isa = PBXBuildFile; fileRef = 2728195217726138005D45C9 /* GameViewController.m */; };
		27471A5417D29DC6001CBA55 /* cardback.png in Resources */ = {isa = PBXBuildFile; fileRef = 27471A3817D29DC5001CBA55 /* cardback.png */; };
		27471A5517D29DC6001CBA55 /* J-spades.jpg in Resources */ = {isa = PBXBuildFile; fileRef = 27471A3A17D29DC6001CBA55 /* J-spades.jpg */; };
		27471A5617D29DC6001CBA55 /* J-spades@2x.jpg in Resources */ = {isa = PBXBuildFile; fileRef = 27471A3B17D29DC6001CBA55 /* J-spades@2x.jpg */; };
		27471A5717D29DC6001CBA55 /* J-clubs.jpg in Resources */ = {isa = PBXBuildFile; fileRef = 27471A3C17D29DC6001CBA55 /* J-clubs.jpg */; };
		27471A5817D29DC6001CBA55 /* J-clubs@2x.jpg in Resources */ = {isa = PBXBuildFile; fileRef = 27471A3D17D29DC6001CBA55 /* J-clubs@2x.jpg */; };
		27471A5917D29DC6001CBA55 /* J-hearts.jpg in Resources */ = {isa = PBXBuildFile; fileRef = 27471A3E17D29DC6001CBA55 /* J-hearts.jpg */; };
		27471A5A17D29DC6001CBA55 /* J-hearts@2x.jpg in Resources */ = {isa = PBXBuildFile; fileRef = 27471A3F17D29DC6001CBA55 /* J-hearts@2x.jpg */; };
		27471A5B17D29DC6001CBA55 /* J-diamonds.jpg in Resources */ = {isa = PBXBuildFile; fileRef = 27471A4017D29DC6001CBA55 /* J-diamonds.jpg */; };
		27471A5C17D29DC6001CBA55 /* J-diamonds@2x.jpg in Resources */ = {isa = PBXBuildFile; fileRef = 27471A4117D29DC6001CBA55 /* J-diamonds@2x.jpg */; };
		27471A5D17D29DC6001CBA55 /* K-spades.jpg in Resources */ = {isa = PBXBuildFile; fileRef = 27471A4217D29DC6001CBA55 /* K-spades.jpg */; };
		27471A5E17D29DC6001CBA55 /* K-spades@2x.jpg in Resources */ = {isa = PBXBuildFile; fileRef = 27471A4317D29DC6001CBA55 /* K-spades@2x.jpg */; };
		27471A5F17D29DC6001CBA55 /* K-clubs.jpg in Resources */ = {isa = PBXBuildFile; fileRef = 27471A4417D29DC6001CBA55 /* K-clubs.jpg */; };
		27471A6017D29DC6001CBA55 /* K-clubs@2x.jpg in Resources */ = {isa = PBXBuildFile; fileRef = 27471A4517D29DC6001CBA55 /* K-clubs@2x.jpg */; };
		27471A6117D29DC6001CBA55 /* K-hearts.jpg in Resources */ = {isa = PBXBuildFile; fileRef = 27471A4617D29DC6001CBA55 /* K-hearts.jpg */; };
		27471A6217D29DC6001CBA55 /* K-hearts@2x.jpg in Resources */ = {isa = PBXBuildFile; fileRef = 27471A4717D29DC6001CBA55 /* K-hearts@2x.jpg */; };
		27471A6317D29DC6001CBA55 /* K-diamonds.jpg in Resources */ = {isa = PBXBuildFile; fileRef = 27471A4817D29DC6001CBA55 /* K-diamonds.jpg */; };
		27471A6417D29DC6001CBA55 /* K-diamonds@2x.jpg in Resources */ = {isa = PBXBuildFile; fileRef = 27471A4917D29DC6001CBA55 /* K-diamonds@2x.jpg */; };
		27471A6517D29DC6001CBA55 /* Q-spades.jpg in Resources */ = {isa = PBXBuildFile; fileRef = 27471A4A17D29DC6001CBA55 /* Q-spades.jpg */; };
		27471A6617D29DC6001CBA55 /* Q-spades@2x.jpg in Resources */ = {isa = PBXBuildFile; fileRef = 27471A4B17D29DC6001CBA55 /* Q-spades@2x.jpg */; };
		27471A6717D29DC6001CBA55 /* Q-clubs.jpg in Resources */ = {isa = PBXBuildFile; fileRef = 27471A4C17D29DC6001CBA55 /* Q-clubs.jpg */; };
		27471A6817D29DC6001CBA55 /* Q-clubs@2x.jpg in Resources */ = {isa = PBXBuildFile; fileRef = 27471A4D17D29DC6001CBA55 /* Q-clubs@2x.jpg */; };
		27471A6917D29DC6001CBA55 /* Q-hearts.jpg in Resources */ = {isa = PBXBuildFile; fileRef = 27471A4E17D29DC6001CBA55 /* Q-hearts.jpg */; };
		27471A6A17D29DC6001CBA55 /* Q-hearts@2x.jpg in Resources */ = {isa = PBXBuildFile; fileRef = 27471A4F17D29DC6001CBA55 /* Q-hearts@2x.jpg */; };
		27471A6B17D29DC6001CBA55 /* Q-diamonds.jpg in Resources */ = {isa = PBXBuildFile; fileRef = 27471A5017D29DC6001CBA55 /* Q-diamonds.jpg */; };
		27471A6C17D29DC6001CBA55 /* Q-diamonds@2x.jpg in Resources */ = {isa = PBXBuildFile; fileRef = 27471A5117D29DC6001CBA55 /* Q-diamonds@2x.jpg */; };
		27471A6D17D29DC6001CBA55 /* PlayingCardView.m in Sources */ = {isa = PBXBuildFile; fileRef = 27471A5317D29DC6001CBA55 /* PlayingCardView.m */; };
		27471A7017D29E9A001CBA55 /* PlayingCardCollectionViewCell.m in Sources */ = {isa = PBXBuildFile; fileRef = 27471A6F17D29E9A001CBA55 /* PlayingCardCollectionViewCell.m */; };
		2756CE5A175E841200ACB5AE /* UIKit.framework in Frameworks */ = {isa = PBXBuildFile; fileRef = 2756CE59175E841200ACB5AE /* UIKit.framework */; };
		2756CE5C175E841200ACB5AE /* Foundation.framework in Frameworks */ = {isa = PBXBuildFile; fileRef = 2756CE5B175E841200ACB5AE /* Foundation.framework */; };
		2756CE5E175E841200ACB5AE /* CoreGraphics.framework in Frameworks */ = {isa = PBXBuildFile; fileRef = 2756CE5D175E841200ACB5AE /* CoreGraphics.framework */; };
		2756CE64175E841200ACB5AE /* InfoPlist.strings in Resources */ = {isa = PBXBuildFile; fileRef = 2756CE62175E841200ACB5AE /* InfoPlist.strings */; };
		2756CE66175E841200ACB5AE /* main.m in Sources */ = {isa = PBXBuildFile; fileRef = 2756CE65175E841200ACB5AE /* main.m */; };
		2756CE6A175E841200ACB5AE /* CardGameAppDelegate.m in Sources */ = {isa = PBXBuildFile; fileRef = 2756CE69175E841200ACB5AE /* CardGameAppDelegate.m */; };
		2756CE6C175E841200ACB5AE /* Default.png in Resources */ = {isa = PBXBuildFile; fileRef = 2756CE6B175E841200ACB5AE /* Default.png */; };
		2756CE6E175E841200ACB5AE /* Default@2x.png in Resources */ = {isa = PBXBuildFile; fileRef = 2756CE6D175E841200ACB5AE /* Default@2x.png */; };
		2756CE70175E841200ACB5AE /* Default-568h@2x.png in Resources */ = {isa = PBXBuildFile; fileRef = 2756CE6F175E841200ACB5AE /* Default-568h@2x.png */; };
		2756CE73175E841200ACB5AE /* MainStoryboard.storyboard in Resources */ = {isa = PBXBuildFile; fileRef = 2756CE71175E841200ACB5AE /* MainStoryboard.storyboard */; };
		2756CE76175E841200ACB5AE /* CardGameViewController.m in Sources */ = {isa = PBXBuildFile; fileRef = 2756CE75175E841200ACB5AE /* CardGameViewController.m */; };
		2756CE7E175E84AE00ACB5AE /* Card.m in Sources */ = {isa = PBXBuildFile; fileRef = 2756CE7D175E84AE00ACB5AE /* Card.m */; };
		2756CE81175E882900ACB5AE /* Deck.m in Sources */ = {isa = PBXBuildFile; fileRef = 2756CE80175E882900ACB5AE /* Deck.m */; };
		2756CE84175E8AD000ACB5AE /* PlayingCard.m in Sources */ = {isa = PBXBuildFile; fileRef = 2756CE83175E8AD000ACB5AE /* PlayingCard.m */; };
		2756CE87175E924A00ACB5AE /* PlayingCardDeck.m in Sources */ = {isa = PBXBuildFile; fileRef = 2756CE86175E924A00ACB5AE /* PlayingCardDeck.m */; };
		2756CE8B17601A0800ACB5AE /* CardMatchingGame.m in Sources */ = {isa = PBXBuildFile; fileRef = 2756CE8A17601A0800ACB5AE /* CardMatchingGame.m */; };
		2769BD6E17617176008F47C2 /* card.png in Resources */ = {isa = PBXBuildFile; fileRef = 2769BD6D17617176008F47C2 /* card.png */; };
		2798B99F17C909E400E866D6 /* ScoresViewController.m in Sources */ = {isa = PBXBuildFile; fileRef = 2798B99E17C909E400E866D6 /* ScoresViewController.m */; };
		2798B9A217C9122600E866D6 /* GameResult.m in Sources */ = {isa = PBXBuildFile; fileRef = 2798B9A117C9122600E866D6 /* GameResult.m */; };
		2798B9B717CA790C00E866D6 /* scores.png in Resources */ = {isa = PBXBuildFile; fileRef = 2798B9B517CA790C00E866D6 /* scores.png */; };
		2798B9B817CA790C00E866D6 /* scores@2x.png in Resources */ = {isa = PBXBuildFile; fileRef = 2798B9B617CA790C00E866D6 /* scores@2x.png */; };
		2798B9BB17CA824400E866D6 /* settings.png in Resources */ = {isa = PBXBuildFile; fileRef = 2798B9B917CA824400E866D6 /* settings.png */; };
		2798B9BC17CA824400E866D6 /* settings@2x.png in Resources */ = {isa = PBXBuildFile; fileRef = 2798B9BA17CA824400E866D6 /* settings@2x.png */; };
		2798B9BF17CA83E800E866D6 /* SettingsViewController.m in Sources */ = {isa = PBXBuildFile; fileRef = 2798B9BE17CA83E800E866D6 /* SettingsViewController.m */; };
		27B0E3CA177419D90098F7AD /* SetCard.m in Sources */ = {isa = PBXBuildFile; fileRef = 27B0E3C9177419D90098F7AD /* SetCard.m */; };
		27B0E3CD17741CC30098F7AD /* SetCardDeck.m in Sources */ = {isa = PBXBuildFile; fileRef = 27B0E3CC17741CC30098F7AD /* SetCardDeck.m */; };
/* End PBXBuildFile section */

/* Begin PBXFileReference section */
		2716CACA17D3D1CC00AE2DC2 /* SetCardCollectionViewCell.h */ = {isa = PBXFileReference; fileEncoding = 4; lastKnownFileType = sourcecode.c.h; path = SetCardCollectionViewCell.h; sourceTree = "<group>"; };
		2716CACB17D3D1CC00AE2DC2 /* SetCardCollectionViewCell.m */ = {isa = PBXFileReference; fileEncoding = 4; lastKnownFileType = sourcecode.c.objc; path = SetCardCollectionViewCell.m; sourceTree = "<group>"; };
		2716CACD17D3D25500AE2DC2 /* SetCardView.h */ = {isa = PBXFileReference; fileEncoding = 4; lastKnownFileType = sourcecode.c.h; path = SetCardView.h; sourceTree = "<group>"; };
		2716CACE17D3D25500AE2DC2 /* SetCardView.m */ = {isa = PBXFileReference; fileEncoding = 4; lastKnownFileType = sourcecode.c.objc; path = SetCardView.m; sourceTree = "<group>"; };
		2728193C17721F70005D45C9 /* SetGameViewController.h */ = {isa = PBXFileReference; fileEncoding = 4; lastKnownFileType = sourcecode.c.h; path = SetGameViewController.h; sourceTree = "<group>"; };
		2728193D17721F70005D45C9 /* SetGameViewController.m */ = {isa = PBXFileReference; fileEncoding = 4; lastKnownFileType = sourcecode.c.objc; path = SetGameViewController.m; sourceTree = "<group>"; };
		27281948177227CF005D45C9 /* cardgame@2x.png */ = {isa = PBXFileReference; lastKnownFileType = image.png; path = "cardgame@2x.png"; sourceTree = "<group>"; };
		2728194B1772289D005D45C9 /* cardgame.png */ = {isa = PBXFileReference; lastKnownFileType = image.png; path = cardgame.png; sourceTree = "<group>"; };
		2728194C1772289D005D45C9 /* setgame.png */ = {isa = PBXFileReference; lastKnownFileType = image.png; path = setgame.png; sourceTree = "<group>"; };
		2728194D1772289D005D45C9 /* setgame@2x.png */ = {isa = PBXFileReference; lastKnownFileType = image.png; path = "setgame@2x.png"; sourceTree = "<group>"; };
		2728195117726138005D45C9 /* GameViewController.h */ = {isa = PBXFileReference; fileEncoding = 4; lastKnownFileType = sourcecode.c.h; path = GameViewController.h; sourceTree = "<group>"; };
		2728195217726138005D45C9 /* GameViewController.m */ = {isa = PBXFileReference; fileEncoding = 4; lastKnownFileType = sourcecode.c.objc; path = GameViewController.m; sourceTree = "<group>"; };
		27471A3817D29DC5001CBA55 /* cardback.png */ = {isa = PBXFileReference; lastKnownFileType = image.png; path = cardback.png; sourceTree = "<group>"; };
		27471A3A17D29DC6001CBA55 /* J-spades.jpg */ = {isa = PBXFileReference; lastKnownFileType = image.jpeg; path = "J-spades.jpg"; sourceTree = "<group>"; };
		27471A3B17D29DC6001CBA55 /* J-spades@2x.jpg */ = {isa = PBXFileReference; lastKnownFileType = image.jpeg; path = "J-spades@2x.jpg"; sourceTree = "<group>"; };
		27471A3C17D29DC6001CBA55 /* J-clubs.jpg */ = {isa = PBXFileReference; lastKnownFileType = image.jpeg; path = "J-clubs.jpg"; sourceTree = "<group>"; };
		27471A3D17D29DC6001CBA55 /* J-clubs@2x.jpg */ = {isa = PBXFileReference; lastKnownFileType = image.jpeg; path = "J-clubs@2x.jpg"; sourceTree = "<group>"; };
		27471A3E17D29DC6001CBA55 /* J-hearts.jpg */ = {isa = PBXFileReference; lastKnownFileType = image.jpeg; path = "J-hearts.jpg"; sourceTree = "<group>"; };
		27471A3F17D29DC6001CBA55 /* J-hearts@2x.jpg */ = {isa = PBXFileReference; lastKnownFileType = image.jpeg; path = "J-hearts@2x.jpg"; sourceTree = "<group>"; };
		27471A4017D29DC6001CBA55 /* J-diamonds.jpg */ = {isa = PBXFileReference; lastKnownFileType = image.jpeg; path = "J-diamonds.jpg"; sourceTree = "<group>"; };
		27471A4117D29DC6001CBA55 /* J-diamonds@2x.jpg */ = {isa = PBXFileReference; lastKnownFileType = image.jpeg; path = "J-diamonds@2x.jpg"; sourceTree = "<group>"; };
		27471A4217D29DC6001CBA55 /* K-spades.jpg */ = {isa = PBXFileReference; lastKnownFileType = image.jpeg; path = "K-spades.jpg"; sourceTree = "<group>"; };
		27471A4317D29DC6001CBA55 /* K-spades@2x.jpg */ = {isa = PBXFileReference; lastKnownFileType = image.jpeg; path = "K-spades@2x.jpg"; sourceTree = "<group>"; };
		27471A4417D29DC6001CBA55 /* K-clubs.jpg */ = {isa = PBXFileReference; lastKnownFileType = image.jpeg; path = "K-clubs.jpg"; sourceTree = "<group>"; };
		27471A4517D29DC6001CBA55 /* K-clubs@2x.jpg */ = {isa = PBXFileReference; lastKnownFileType = image.jpeg; path = "K-clubs@2x.jpg"; sourceTree = "<group>"; };
		27471A4617D29DC6001CBA55 /* K-hearts.jpg */ = {isa = PBXFileReference; lastKnownFileType = image.jpeg; path = "K-hearts.jpg"; sourceTree = "<group>"; };
		27471A4717D29DC6001CBA55 /* K-hearts@2x.jpg */ = {isa = PBXFileReference; lastKnownFileType = image.jpeg; path = "K-hearts@2x.jpg"; sourceTree = "<group>"; };
		27471A4817D29DC6001CBA55 /* K-diamonds.jpg */ = {isa = PBXFileReference; lastKnownFileType = image.jpeg; path = "K-diamonds.jpg"; sourceTree = "<group>"; };
		27471A4917D29DC6001CBA55 /* K-diamonds@2x.jpg */ = {isa = PBXFileReference; lastKnownFileType = image.jpeg; path = "K-diamonds@2x.jpg"; sourceTree = "<group>"; };
		27471A4A17D29DC6001CBA55 /* Q-spades.jpg */ = {isa = PBXFileReference; lastKnownFileType = image.jpeg; path = "Q-spades.jpg"; sourceTree = "<group>"; };
		27471A4B17D29DC6001CBA55 /* Q-spades@2x.jpg */ = {isa = PBXFileReference; lastKnownFileType = image.jpeg; path = "Q-spades@2x.jpg"; sourceTree = "<group>"; };
		27471A4C17D29DC6001CBA55 /* Q-clubs.jpg */ = {isa = PBXFileReference; lastKnownFileType = image.jpeg; path = "Q-clubs.jpg"; sourceTree = "<group>"; };
		27471A4D17D29DC6001CBA55 /* Q-clubs@2x.jpg */ = {isa = PBXFileReference; lastKnownFileType = image.jpeg; path = "Q-clubs@2x.jpg"; sourceTree = "<group>"; };
		27471A4E17D29DC6001CBA55 /* Q-hearts.jpg */ = {isa = PBXFileReference; lastKnownFileType = image.jpeg; path = "Q-hearts.jpg"; sourceTree = "<group>"; };
		27471A4F17D29DC6001CBA55 /* Q-hearts@2x.jpg */ = {isa = PBXFileReference; lastKnownFileType = image.jpeg; path = "Q-hearts@2x.jpg"; sourceTree = "<group>"; };
		27471A5017D29DC6001CBA55 /* Q-diamonds.jpg */ = {isa = PBXFileReference; lastKnownFileType = image.jpeg; path = "Q-diamonds.jpg"; sourceTree = "<group>"; };
		27471A5117D29DC6001CBA55 /* Q-diamonds@2x.jpg */ = {isa = PBXFileReference; lastKnownFileType = image.jpeg; path = "Q-diamonds@2x.jpg"; sourceTree = "<group>"; };
		27471A5217D29DC6001CBA55 /* PlayingCardView.h */ = {isa = PBXFileReference; fileEncoding = 4; lastKnownFileType = sourcecode.c.h; path = PlayingCardView.h; sourceTree = "<group>"; };
		27471A5317D29DC6001CBA55 /* PlayingCardView.m */ = {isa = PBXFileReference; fileEncoding = 4; lastKnownFileType = sourcecode.c.objc; path = PlayingCardView.m; sourceTree = "<group>"; };
		27471A6E17D29E9A001CBA55 /* PlayingCardCollectionViewCell.h */ = {isa = PBXFileReference; fileEncoding = 4; lastKnownFileType = sourcecode.c.h; path = PlayingCardCollectionViewCell.h; sourceTree = "<group>"; };
		27471A6F17D29E9A001CBA55 /* PlayingCardCollectionViewCell.m */ = {isa = PBXFileReference; fileEncoding = 4; lastKnownFileType = sourcecode.c.objc; path = PlayingCardCollectionViewCell.m; sourceTree = "<group>"; };
		2756CE56175E841200ACB5AE /* Matchismo.app */ = {isa = PBXFileReference; explicitFileType = wrapper.application; includeInIndex = 0; path = Matchismo.app; sourceTree = BUILT_PRODUCTS_DIR; };
		2756CE59175E841200ACB5AE /* UIKit.framework */ = {isa = PBXFileReference; lastKnownFileType = wrapper.framework; name = UIKit.framework; path = System/Library/Frameworks/UIKit.framework; sourceTree = SDKROOT; };
		2756CE5B175E841200ACB5AE /* Foundation.framework */ = {isa = PBXFileReference; lastKnownFileType = wrapper.framework; name = Foundation.framework; path = System/Library/Frameworks/Foundation.framework; sourceTree = SDKROOT; };
		2756CE5D175E841200ACB5AE /* CoreGraphics.framework */ = {isa = PBXFileReference; lastKnownFileType = wrapper.framework; name = CoreGraphics.framework; path = System/Library/Frameworks/CoreGraphics.framework; sourceTree = SDKROOT; };
		2756CE61175E841200ACB5AE /* Matchismo-Info.plist */ = {isa = PBXFileReference; lastKnownFileType = text.plist.xml; path = "Matchismo-Info.plist"; sourceTree = "<group>"; };
		2756CE63175E841200ACB5AE /* en */ = {isa = PBXFileReference; lastKnownFileType = text.plist.strings; name = en; path = en.lproj/InfoPlist.strings; sourceTree = "<group>"; };
		2756CE65175E841200ACB5AE /* main.m */ = {isa = PBXFileReference; lastKnownFileType = sourcecode.c.objc; path = main.m; sourceTree = "<group>"; };
		2756CE67175E841200ACB5AE /* Matchismo-Prefix.pch */ = {isa = PBXFileReference; lastKnownFileType = sourcecode.c.h; path = "Matchismo-Prefix.pch"; sourceTree = "<group>"; };
		2756CE68175E841200ACB5AE /* CardGameAppDelegate.h */ = {isa = PBXFileReference; lastKnownFileType = sourcecode.c.h; path = CardGameAppDelegate.h; sourceTree = "<group>"; };
		2756CE69175E841200ACB5AE /* CardGameAppDelegate.m */ = {isa = PBXFileReference; lastKnownFileType = sourcecode.c.objc; path = CardGameAppDelegate.m; sourceTree = "<group>"; };
		2756CE6B175E841200ACB5AE /* Default.png */ = {isa = PBXFileReference; lastKnownFileType = image.png; path = Default.png; sourceTree = "<group>"; };
		2756CE6D175E841200ACB5AE /* Default@2x.png */ = {isa = PBXFileReference; lastKnownFileType = image.png; path = "Default@2x.png"; sourceTree = "<group>"; };
		2756CE6F175E841200ACB5AE /* Default-568h@2x.png */ = {isa = PBXFileReference; lastKnownFileType = image.png; path = "Default-568h@2x.png"; sourceTree = "<group>"; };
		2756CE72175E841200ACB5AE /* en */ = {isa = PBXFileReference; lastKnownFileType = file.storyboard; name = en; path = en.lproj/MainStoryboard.storyboard; sourceTree = "<group>"; };
		2756CE74175E841200ACB5AE /* CardGameViewController.h */ = {isa = PBXFileReference; lastKnownFileType = sourcecode.c.h; path = CardGameViewController.h; sourceTree = "<group>"; };
		2756CE75175E841200ACB5AE /* CardGameViewController.m */ = {isa = PBXFileReference; lastKnownFileType = sourcecode.c.objc; path = CardGameViewController.m; sourceTree = "<group>"; };
		2756CE7C175E84AE00ACB5AE /* Card.h */ = {isa = PBXFileReference; fileEncoding = 4; lastKnownFileType = sourcecode.c.h; name = Card.h; path = Model/Card.h; sourceTree = "<group>"; };
		2756CE7D175E84AE00ACB5AE /* Card.m */ = {isa = PBXFileReference; fileEncoding = 4; lastKnownFileType = sourcecode.c.objc; name = Card.m; path = Model/Card.m; sourceTree = "<group>"; };
		2756CE7F175E882900ACB5AE /* Deck.h */ = {isa = PBXFileReference; fileEncoding = 4; lastKnownFileType = sourcecode.c.h; name = Deck.h; path = Model/Deck.h; sourceTree = "<group>"; };
		2756CE80175E882900ACB5AE /* Deck.m */ = {isa = PBXFileReference; fileEncoding = 4; lastKnownFileType = sourcecode.c.objc; name = Deck.m; path = Model/Deck.m; sourceTree = "<group>"; };
		2756CE82175E8AD000ACB5AE /* PlayingCard.h */ = {isa = PBXFileReference; fileEncoding = 4; lastKnownFileType = sourcecode.c.h; name = PlayingCard.h; path = Model/PlayingCard.h; sourceTree = "<group>"; };
		2756CE83175E8AD000ACB5AE /* PlayingCard.m */ = {isa = PBXFileReference; fileEncoding = 4; lastKnownFileType = sourcecode.c.objc; name = PlayingCard.m; path = Model/PlayingCard.m; sourceTree = "<group>"; };
		2756CE85175E924A00ACB5AE /* PlayingCardDeck.h */ = {isa = PBXFileReference; fileEncoding = 4; lastKnownFileType = sourcecode.c.h; name = PlayingCardDeck.h; path = Model/PlayingCardDeck.h; sourceTree = "<group>"; };
		2756CE86175E924A00ACB5AE /* PlayingCardDeck.m */ = {isa = PBXFileReference; fileEncoding = 4; lastKnownFileType = sourcecode.c.objc; name = PlayingCardDeck.m; path = Model/PlayingCardDeck.m; sourceTree = "<group>"; };
		2756CE8917601A0800ACB5AE /* CardMatchingGame.h */ = {isa = PBXFileReference; fileEncoding = 4; lastKnownFileType = sourcecode.c.h; name = CardMatchingGame.h; path = Model/CardMatchingGame.h; sourceTree = "<group>"; };
		2756CE8A17601A0800ACB5AE /* CardMatchingGame.m */ = {isa = PBXFileReference; fileEncoding = 4; lastKnownFileType = sourcecode.c.objc; name = CardMatchingGame.m; path = Model/CardMatchingGame.m; sourceTree = "<group>"; };
		2769BD6D17617176008F47C2 /* card.png */ = {isa = PBXFileReference; lastKnownFileType = image.png; path = card.png; sourceTree = "<group>"; };
		2798B99D17C909E400E866D6 /* ScoresViewController.h */ = {isa = PBXFileReference; fileEncoding = 4; lastKnownFileType = sourcecode.c.h; path = ScoresViewController.h; sourceTree = "<group>"; };
		2798B99E17C909E400E866D6 /* ScoresViewController.m */ = {isa = PBXFileReference; fileEncoding = 4; lastKnownFileType = sourcecode.c.objc; path = ScoresViewController.m; sourceTree = "<group>"; };
		2798B9A017C9122600E866D6 /* GameResult.h */ = {isa = PBXFileReference; fileEncoding = 4; lastKnownFileType = sourcecode.c.h; name = GameResult.h; path = Model/GameResult.h; sourceTree = "<group>"; };
		2798B9A117C9122600E866D6 /* GameResult.m */ = {isa = PBXFileReference; fileEncoding = 4; lastKnownFileType = sourcecode.c.objc; name = GameResult.m; path = Model/GameResult.m; sourceTree = "<group>"; };
		2798B9B517CA790C00E866D6 /* scores.png */ = {isa = PBXFileReference; lastKnownFileType = image.png; path = scores.png; sourceTree = "<group>"; };
		2798B9B617CA790C00E866D6 /* scores@2x.png */ = {isa = PBXFileReference; lastKnownFileType = image.png; path = "scores@2x.png"; sourceTree = "<group>"; };
		2798B9B917CA824400E866D6 /* settings.png */ = {isa = PBXFileReference; lastKnownFileType = image.png; path = settings.png; sourceTree = "<group>"; };
		2798B9BA17CA824400E866D6 /* settings@2x.png */ = {isa = PBXFileReference; lastKnownFileType = image.png; path = "settings@2x.png"; sourceTree = "<group>"; };
		2798B9BD17CA83E800E866D6 /* SettingsViewController.h */ = {isa = PBXFileReference; fileEncoding = 4; lastKnownFileType = sourcecode.c.h; path = SettingsViewController.h; sourceTree = "<group>"; };
		2798B9BE17CA83E800E866D6 /* SettingsViewController.m */ = {isa = PBXFileReference; fileEncoding = 4; lastKnownFileType = sourcecode.c.objc; path = SettingsViewController.m; sourceTree = "<group>"; };
		27B0E3C8177419D90098F7AD /* SetCard.h */ = {isa = PBXFileReference; fileEncoding = 4; lastKnownFileType = sourcecode.c.h; name = SetCard.h; path = Model/SetCard.h; sourceTree = "<group>"; };
		27B0E3C9177419D90098F7AD /* SetCard.m */ = {isa = PBXFileReference; fileEncoding = 4; lastKnownFileType = sourcecode.c.objc; name = SetCard.m; path = Model/SetCard.m; sourceTree = "<group>"; };
		27B0E3CB17741CC30098F7AD /* SetCardDeck.h */ = {isa = PBXFileReference; fileEncoding = 4; lastKnownFileType = sourcecode.c.h; name = SetCardDeck.h; path = Model/SetCardDeck.h; sourceTree = "<group>"; };
		27B0E3CC17741CC30098F7AD /* SetCardDeck.m */ = {isa = PBXFileReference; fileEncoding = 4; lastKnownFileType = sourcecode.c.objc; name = SetCardDeck.m; path = Model/SetCardDeck.m; sourceTree = "<group>"; };
/* End PBXFileReference section */

/* Begin PBXFrameworksBuildPhase section */
		2756CE53175E841200ACB5AE /* Frameworks */ = {
			isa = PBXFrameworksBuildPhase;
			buildActionMask = 2147483647;
			files = (
				2756CE5A175E841200ACB5AE /* UIKit.framework in Frameworks */,
				2756CE5C175E841200ACB5AE /* Foundation.framework in Frameworks */,
				2756CE5E175E841200ACB5AE /* CoreGraphics.framework in Frameworks */,
			);
			runOnlyForDeploymentPostprocessing = 0;
		};
/* End PBXFrameworksBuildPhase section */

/* Begin PBXGroup section */
		2716CAD117D3D9DE00AE2DC2 /* Card Views */ = {
			isa = PBXGroup;
			children = (
				27471A5217D29DC6001CBA55 /* PlayingCardView.h */,
				27471A5317D29DC6001CBA55 /* PlayingCardView.m */,
				2716CACD17D3D25500AE2DC2 /* SetCardView.h */,
				2716CACE17D3D25500AE2DC2 /* SetCardView.m */,
				27471A6E17D29E9A001CBA55 /* PlayingCardCollectionViewCell.h */,
				27471A6F17D29E9A001CBA55 /* PlayingCardCollectionViewCell.m */,
				2716CACA17D3D1CC00AE2DC2 /* SetCardCollectionViewCell.h */,
				2716CACB17D3D1CC00AE2DC2 /* SetCardCollectionViewCell.m */,
			);
			name = "Card Views";
			sourceTree = "<group>";
		};
		27471A3917D29DC6001CBA55 /* Face Card Images */ = {
			isa = PBXGroup;
			children = (
				27471A3A17D29DC6001CBA55 /* J-spades.jpg */,
				27471A3B17D29DC6001CBA55 /* J-spades@2x.jpg */,
				27471A3C17D29DC6001CBA55 /* J-clubs.jpg */,
				27471A3D17D29DC6001CBA55 /* J-clubs@2x.jpg */,
				27471A3E17D29DC6001CBA55 /* J-hearts.jpg */,
				27471A3F17D29DC6001CBA55 /* J-hearts@2x.jpg */,
				27471A4017D29DC6001CBA55 /* J-diamonds.jpg */,
				27471A4117D29DC6001CBA55 /* J-diamonds@2x.jpg */,
				27471A4217D29DC6001CBA55 /* K-spades.jpg */,
				27471A4317D29DC6001CBA55 /* K-spades@2x.jpg */,
				27471A4417D29DC6001CBA55 /* K-clubs.jpg */,
				27471A4517D29DC6001CBA55 /* K-clubs@2x.jpg */,
				27471A4617D29DC6001CBA55 /* K-hearts.jpg */,
				27471A4717D29DC6001CBA55 /* K-hearts@2x.jpg */,
				27471A4817D29DC6001CBA55 /* K-diamonds.jpg */,
				27471A4917D29DC6001CBA55 /* K-diamonds@2x.jpg */,
				27471A4A17D29DC6001CBA55 /* Q-spades.jpg */,
				27471A4B17D29DC6001CBA55 /* Q-spades@2x.jpg */,
				27471A4C17D29DC6001CBA55 /* Q-clubs.jpg */,
				27471A4D17D29DC6001CBA55 /* Q-clubs@2x.jpg */,
				27471A4E17D29DC6001CBA55 /* Q-hearts.jpg */,
				27471A4F17D29DC6001CBA55 /* Q-hearts@2x.jpg */,
				27471A5017D29DC6001CBA55 /* Q-diamonds.jpg */,
				27471A5117D29DC6001CBA55 /* Q-diamonds@2x.jpg */,
			);
			path = "Face Card Images";
			sourceTree = "<group>";
		};
		2756CE4D175E841200ACB5AE = {
			isa = PBXGroup;
			children = (
				2756CE5F175E841200ACB5AE /* Matchismo */,
				2756CE58175E841200ACB5AE /* Frameworks */,
				2756CE57175E841200ACB5AE /* Products */,
			);
			sourceTree = "<group>";
		};
		2756CE57175E841200ACB5AE /* Products */ = {
			isa = PBXGroup;
			children = (
				2756CE56175E841200ACB5AE /* Matchismo.app */,
			);
			name = Products;
			sourceTree = "<group>";
		};
		2756CE58175E841200ACB5AE /* Frameworks */ = {
			isa = PBXGroup;
			children = (
				2756CE59175E841200ACB5AE /* UIKit.framework */,
				2756CE5B175E841200ACB5AE /* Foundation.framework */,
				2756CE5D175E841200ACB5AE /* CoreGraphics.framework */,
			);
			name = Frameworks;
			sourceTree = "<group>";
		};
		2756CE5F175E841200ACB5AE /* Matchismo */ = {
			isa = PBXGroup;
			children = (
				2756CE71175E841200ACB5AE /* MainStoryboard.storyboard */,
				2728195117726138005D45C9 /* GameViewController.h */,
				2728195217726138005D45C9 /* GameViewController.m */,
				2756CE74175E841200ACB5AE /* CardGameViewController.h */,
				2756CE75175E841200ACB5AE /* CardGameViewController.m */,
				2728193C17721F70005D45C9 /* SetGameViewController.h */,
				2728193D17721F70005D45C9 /* SetGameViewController.m */,
				2798B99D17C909E400E866D6 /* ScoresViewController.h */,
				2798B99E17C909E400E866D6 /* ScoresViewController.m */,
				2798B9BD17CA83E800E866D6 /* SettingsViewController.h */,
				2798B9BE17CA83E800E866D6 /* SettingsViewController.m */,
				2716CAD117D3D9DE00AE2DC2 /* Card Views */,
				2756CE88175EA04900ACB5AE /* Model */,
				2769BD6F17617217008F47C2 /* Assets */,
				2756CE60175E841200ACB5AE /* Supporting Files */,
			);
			path = Matchismo;
			sourceTree = "<group>";
		};
		2756CE60175E841200ACB5AE /* Supporting Files */ = {
			isa = PBXGroup;
			children = (
				2756CE68175E841200ACB5AE /* CardGameAppDelegate.h */,
				2756CE69175E841200ACB5AE /* CardGameAppDelegate.m */,
				2756CE61175E841200ACB5AE /* Matchismo-Info.plist */,
				2756CE62175E841200ACB5AE /* InfoPlist.strings */,
				2756CE65175E841200ACB5AE /* main.m */,
				2756CE67175E841200ACB5AE /* Matchismo-Prefix.pch */,
				2756CE6B175E841200ACB5AE /* Default.png */,
				2756CE6D175E841200ACB5AE /* Default@2x.png */,
				2756CE6F175E841200ACB5AE /* Default-568h@2x.png */,
			);
			name = "Supporting Files";
			sourceTree = "<group>";
		};
		2756CE88175EA04900ACB5AE /* Model */ = {
			isa = PBXGroup;
			children = (
				2798B9AE17C9490D00E866D6 /* Cards */,
				2798B9AD17C9490200E866D6 /* Decks */,
				2756CE8917601A0800ACB5AE /* CardMatchingGame.h */,
				2756CE8A17601A0800ACB5AE /* CardMatchingGame.m */,
				2798B9A017C9122600E866D6 /* GameResult.h */,
				2798B9A117C9122600E866D6 /* GameResult.m */,
			);
			name = Model;
			sourceTree = "<group>";
		};
		2769BD6F17617217008F47C2 /* Assets */ = {
			isa = PBXGroup;
			children = (
				27471A3917D29DC6001CBA55 /* Face Card Images */,
				27471A3817D29DC5001CBA55 /* cardback.png */,
				2798B9B917CA824400E866D6 /* settings.png */,
				2798B9BA17CA824400E866D6 /* settings@2x.png */,
				2798B9B517CA790C00E866D6 /* scores.png */,
				2798B9B617CA790C00E866D6 /* scores@2x.png */,
				2728194B1772289D005D45C9 /* cardgame.png */,
				2728194C1772289D005D45C9 /* setgame.png */,
				2728194D1772289D005D45C9 /* setgame@2x.png */,
				27281948177227CF005D45C9 /* cardgame@2x.png */,
				2769BD6D17617176008F47C2 /* card.png */,
			);
			name = Assets;
			sourceTree = "<group>";
		};
		2798B9AD17C9490200E866D6 /* Decks */ = {
			isa = PBXGroup;
			children = (
				2756CE7F175E882900ACB5AE /* Deck.h */,
				2756CE80175E882900ACB5AE /* Deck.m */,
				2756CE85175E924A00ACB5AE /* PlayingCardDeck.h */,
				2756CE86175E924A00ACB5AE /* PlayingCardDeck.m */,
				27B0E3CB17741CC30098F7AD /* SetCardDeck.h */,
				27B0E3CC17741CC30098F7AD /* SetCardDeck.m */,
			);
			name = Decks;
			sourceTree = "<group>";
		};
		2798B9AE17C9490D00E866D6 /* Cards */ = {
			isa = PBXGroup;
			children = (
				2756CE7C175E84AE00ACB5AE /* Card.h */,
				2756CE7D175E84AE00ACB5AE /* Card.m */,
				2756CE82175E8AD000ACB5AE /* PlayingCard.h */,
				2756CE83175E8AD000ACB5AE /* PlayingCard.m */,
				27B0E3C8177419D90098F7AD /* SetCard.h */,
				27B0E3C9177419D90098F7AD /* SetCard.m */,
			);
			name = Cards;
			sourceTree = "<group>";
		};
/* End PBXGroup section */

/* Begin PBXNativeTarget section */
		2756CE55175E841200ACB5AE /* Matchismo */ = {
			isa = PBXNativeTarget;
			buildConfigurationList = 2756CE79175E841200ACB5AE /* Build configuration list for PBXNativeTarget "Matchismo" */;
			buildPhases = (
				2756CE52175E841200ACB5AE /* Sources */,
				2756CE53175E841200ACB5AE /* Frameworks */,
				2756CE54175E841200ACB5AE /* Resources */,
			);
			buildRules = (
			);
			dependencies = (
			);
			name = Matchismo;
			productName = Matchismo;
			productReference = 2756CE56175E841200ACB5AE /* Matchismo.app */;
			productType = "com.apple.product-type.application";
		};
/* End PBXNativeTarget section */

/* Begin PBXProject section */
		2756CE4E175E841200ACB5AE /* Project object */ = {
			isa = PBXProject;
			attributes = {
				CLASSPREFIX = CardGame;
				LastUpgradeCheck = 0460;
				ORGANIZATIONNAME = kilovolt42;
			};
			buildConfigurationList = 2756CE51175E841200ACB5AE /* Build configuration list for PBXProject "Matchismo" */;
			compatibilityVersion = "Xcode 3.2";
			developmentRegion = English;
			hasScannedForEncodings = 0;
			knownRegions = (
				en,
			);
			mainGroup = 2756CE4D175E841200ACB5AE;
			productRefGroup = 2756CE57175E841200ACB5AE /* Products */;
			projectDirPath = "";
			projectRoot = "";
			targets = (
				2756CE55175E841200ACB5AE /* Matchismo */,
			);
		};
/* End PBXProject section */

/* Begin PBXResourcesBuildPhase section */
		2756CE54175E841200ACB5AE /* Resources */ = {
			isa = PBXResourcesBuildPhase;
			buildActionMask = 2147483647;
			files = (
				2756CE64175E841200ACB5AE /* InfoPlist.strings in Resources */,
				2756CE6C175E841200ACB5AE /* Default.png in Resources */,
				2756CE6E175E841200ACB5AE /* Default@2x.png in Resources */,
				2756CE70175E841200ACB5AE /* Default-568h@2x.png in Resources */,
				2756CE73175E841200ACB5AE /* MainStoryboard.storyboard in Resources */,
				2769BD6E17617176008F47C2 /* card.png in Resources */,
				2728194A177227CF005D45C9 /* cardgame@2x.png in Resources */,
				2728194E1772289D005D45C9 /* cardgame.png in Resources */,
				2728194F1772289D005D45C9 /* setgame.png in Resources */,
				272819501772289D005D45C9 /* setgame@2x.png in Resources */,
				2798B9B717CA790C00E866D6 /* scores.png in Resources */,
				2798B9B817CA790C00E866D6 /* scores@2x.png in Resources */,
				2798B9BB17CA824400E866D6 /* settings.png in Resources */,
				2798B9BC17CA824400E866D6 /* settings@2x.png in Resources */,
				27471A5417D29DC6001CBA55 /* cardback.png in Resources */,
				27471A5517D29DC6001CBA55 /* J-spades.jpg in Resources */,
				27471A5617D29DC6001CBA55 /* J-spades@2x.jpg in Resources */,
				27471A5717D29DC6001CBA55 /* J-clubs.jpg in Resources */,
				27471A5817D29DC6001CBA55 /* J-clubs@2x.jpg in Resources */,
				27471A5917D29DC6001CBA55 /* J-hearts.jpg in Resources */,
				27471A5A17D29DC6001CBA55 /* J-hearts@2x.jpg in Resources */,
				27471A5B17D29DC6001CBA55 /* J-diamonds.jpg in Resources */,
				27471A5C17D29DC6001CBA55 /* J-diamonds@2x.jpg in Resources */,
				27471A5D17D29DC6001CBA55 /* K-spades.jpg in Resources */,
				27471A5E17D29DC6001CBA55 /* K-spades@2x.jpg in Resources */,
				27471A5F17D29DC6001CBA55 /* K-clubs.jpg in Resources */,
				27471A6017D29DC6001CBA55 /* K-clubs@2x.jpg in Resources */,
				27471A6117D29DC6001CBA55 /* K-hearts.jpg in Resources */,
				27471A6217D29DC6001CBA55 /* K-hearts@2x.jpg in Resources */,
				27471A6317D29DC6001CBA55 /* K-diamonds.jpg in Resources */,
				27471A6417D29DC6001CBA55 /* K-diamonds@2x.jpg in Resources */,
				27471A6517D29DC6001CBA55 /* Q-spades.jpg in Resources */,
				27471A6617D29DC6001CBA55 /* Q-spades@2x.jpg in Resources */,
				27471A6717D29DC6001CBA55 /* Q-clubs.jpg in Resources */,
				27471A6817D29DC6001CBA55 /* Q-clubs@2x.jpg in Resources */,
				27471A6917D29DC6001CBA55 /* Q-hearts.jpg in Resources */,
				27471A6A17D29DC6001CBA55 /* Q-hearts@2x.jpg in Resources */,
				27471A6B17D29DC6001CBA55 /* Q-diamonds.jpg in Resources */,
				27471A6C17D29DC6001CBA55 /* Q-diamonds@2x.jpg in Resources */,
			);
			runOnlyForDeploymentPostprocessing = 0;
		};
/* End PBXResourcesBuildPhase section */

/* Begin PBXSourcesBuildPhase section */
		2756CE52175E841200ACB5AE /* Sources */ = {
			isa = PBXSourcesBuildPhase;
			buildActionMask = 2147483647;
			files = (
				2756CE66175E841200ACB5AE /* main.m in Sources */,
				2756CE6A175E841200ACB5AE /* CardGameAppDelegate.m in Sources */,
				2756CE76175E841200ACB5AE /* CardGameViewController.m in Sources */,
				2756CE7E175E84AE00ACB5AE /* Card.m in Sources */,
				2756CE81175E882900ACB5AE /* Deck.m in Sources */,
				2756CE84175E8AD000ACB5AE /* PlayingCard.m in Sources */,
				2756CE87175E924A00ACB5AE /* PlayingCardDeck.m in Sources */,
				2756CE8B17601A0800ACB5AE /* CardMatchingGame.m in Sources */,
				2728193E17721F70005D45C9 /* SetGameViewController.m in Sources */,
				2728195317726138005D45C9 /* GameViewController.m in Sources */,
				27B0E3CA177419D90098F7AD /* SetCard.m in Sources */,
				27B0E3CD17741CC30098F7AD /* SetCardDeck.m in Sources */,
				2798B99F17C909E400E866D6 /* ScoresViewController.m in Sources */,
				2798B9A217C9122600E866D6 /* GameResult.m in Sources */,
				2798B9BF17CA83E800E866D6 /* SettingsViewController.m in Sources */,
				27471A6D17D29DC6001CBA55 /* PlayingCardView.m in Sources */,
				27471A7017D29E9A001CBA55 /* PlayingCardCollectionViewCell.m in Sources */,
				2716CACC17D3D1CC00AE2DC2 /* SetCardCollectionViewCell.m in Sources */,
				2716CACF17D3D25500AE2DC2 /* SetCardView.m in Sources */,
			);
			runOnlyForDeploymentPostprocessing = 0;
		};
/* End PBXSourcesBuildPhase section */

/* Begin PBXVariantGroup section */
		2756CE62175E841200ACB5AE /* InfoPlist.strings */ = {
			isa = PBXVariantGroup;
			children = (
				2756CE63175E841200ACB5AE /* en */,
			);
			name = InfoPlist.strings;
			sourceTree = "<group>";
		};
		2756CE71175E841200ACB5AE /* MainStoryboard.storyboard */ = {
			isa = PBXVariantGroup;
			children = (
				2756CE72175E841200ACB5AE /* en */,
			);
			name = MainStoryboard.storyboard;
			sourceTree = "<group>";
		};
/* End PBXVariantGroup section */

/* Begin XCBuildConfiguration section */
		2756CE77175E841200ACB5AE /* Debug */ = {
			isa = XCBuildConfiguration;
			buildSettings = {
				ALWAYS_SEARCH_USER_PATHS = NO;
				CLANG_CXX_LANGUAGE_STANDARD = "gnu++0x";
				CLANG_CXX_LIBRARY = "libc++";
				CLANG_ENABLE_OBJC_ARC = YES;
				CLANG_WARN_CONSTANT_CONVERSION = YES;
				CLANG_WARN_EMPTY_BODY = YES;
				CLANG_WARN_ENUM_CONVERSION = YES;
				CLANG_WARN_INT_CONVERSION = YES;
				CLANG_WARN__DUPLICATE_METHOD_MATCH = YES;
				"CODE_SIGN_IDENTITY[sdk=iphoneos*]" = "iPhone Developer";
				COPY_PHASE_STRIP = NO;
				GCC_C_LANGUAGE_STANDARD = gnu99;
				GCC_DYNAMIC_NO_PIC = NO;
				GCC_OPTIMIZATION_LEVEL = 0;
				GCC_PREPROCESSOR_DEFINITIONS = (
					"DEBUG=1",
					"$(inherited)",
				);
				GCC_SYMBOLS_PRIVATE_EXTERN = NO;
				GCC_WARN_ABOUT_RETURN_TYPE = YES;
				GCC_WARN_UNINITIALIZED_AUTOS = YES;
				GCC_WARN_UNUSED_VARIABLE = YES;
				IPHONEOS_DEPLOYMENT_TARGET = 6.1;
				ONLY_ACTIVE_ARCH = YES;
				SDKROOT = iphoneos;
			};
			name = Debug;
		};
		2756CE78175E841200ACB5AE /* Release */ = {
			isa = XCBuildConfiguration;
			buildSettings = {
				ALWAYS_SEARCH_USER_PATHS = NO;
				CLANG_CXX_LANGUAGE_STANDARD = "gnu++0x";
				CLANG_CXX_LIBRARY = "libc++";
				CLANG_ENABLE_OBJC_ARC = YES;
				CLANG_WARN_CONSTANT_CONVERSION = YES;
				CLANG_WARN_EMPTY_BODY = YES;
				CLANG_WARN_ENUM_CONVERSION = YES;
				CLANG_WARN_INT_CONVERSION = YES;
				CLANG_WARN__DUPLICATE_METHOD_MATCH = YES;
				"CODE_SIGN_IDENTITY[sdk=iphoneos*]" = "iPhone Developer";
				COPY_PHASE_STRIP = YES;
				GCC_C_LANGUAGE_STANDARD = gnu99;
				GCC_WARN_ABOUT_RETURN_TYPE = YES;
				GCC_WARN_UNINITIALIZED_AUTOS = YES;
				GCC_WARN_UNUSED_VARIABLE = YES;
				IPHONEOS_DEPLOYMENT_TARGET = 6.1;
				OTHER_CFLAGS = "-DNS_BLOCK_ASSERTIONS=1";
				SDKROOT = iphoneos;
				VALIDATE_PRODUCT = YES;
			};
			name = Release;
		};
		2756CE7A175E841200ACB5AE /* Debug */ = {
			isa = XCBuildConfiguration;
			buildSettings = {
				GCC_PRECOMPILE_PREFIX_HEADER = YES;
				GCC_PREFIX_HEADER = "Matchismo/Matchismo-Prefix.pch";
				INFOPLIST_FILE = "Matchismo/Matchismo-Info.plist";
				PRODUCT_NAME = "$(TARGET_NAME)";
				WRAPPER_EXTENSION = app;
			};
			name = Debug;
		};
		2756CE7B175E841200ACB5AE /* Release */ = {
			isa = XCBuildConfiguration;
			buildSettings = {
				GCC_PRECOMPILE_PREFIX_HEADER = YES;
				GCC_PREFIX_HEADER = "Matchismo/Matchismo-Prefix.pch";
				INFOPLIST_FILE = "Matchismo/Matchismo-Info.plist";
				PRODUCT_NAME = "$(TARGET_NAME)";
				WRAPPER_EXTENSION = app;
			};
			name = Release;
		};
/* End XCBuildConfiguration section */

/* Begin XCConfigurationList section */
		2756CE51175E841200ACB5AE /* Build configuration list for PBXProject "Matchismo" */ = {
			isa = XCConfigurationList;
			buildConfigurations = (
				2756CE77175E841200ACB5AE /* Debug */,
				2756CE78175E841200ACB5AE /* Release */,
			);
			defaultConfigurationIsVisible = 0;
			defaultConfigurationName = Release;
		};
		2756CE79175E841200ACB5AE /* Build configuration list for PBXNativeTarget "Matchismo" */ = {
			isa = XCConfigurationList;
			buildConfigurations = (
				2756CE7A175E841200ACB5AE /* Debug */,
				2756CE7B175E841200ACB5AE /* Release */,
			);
			defaultConfigurationIsVisible = 0;
			defaultConfigurationName = Release;
		};
/* End XCConfigurationList section */
	};
	rootObject = 2756CE4E175E841200ACB5AE /* Project object */;
}
